
Microsoft Visual Studio Solution File, Format Version 12.00
# Visual Studio Version 17
VisualStudioVersion = 17.11.35222.181
MinimumVisualStudioVersion = 10.0.40219.1
Project("{FAE04EC0-301F-11D3-BF4B-00C04F79EFBC}") = "PIA-PI", "PIA-PI.csproj", "{3A43914F-A534-44BE-8A77-706DD5D53867}"
EndProject
Global
	GlobalSection(SolutionConfigurationPlatforms) = preSolution
		Debug|Any CPU = Debug|Any CPU
		Release|Any CPU = Release|Any CPU
	EndGlobalSection
	GlobalSection(ProjectConfigurationPlatforms) = postSolution
		{3A43914F-A534-44BE-8A77-706DD5D53867}.Debug|Any CPU.ActiveCfg = Debug|Any CPU
		{3A43914F-A534-44BE-8A77-706DD5D53867}.Debug|Any CPU.Build.0 = Debug|Any CPU
		{3A43914F-A534-44BE-8A77-706DD5D53867}.Release|Any CPU.ActiveCfg = Release|Any CPU
		{3A43914F-A534-44BE-8A77-706DD5D53867}.Release|Any CPU.Build.0 = Release|Any CPU
	EndGlobalSection
	GlobalSection(SolutionProperties) = preSolution
		HideSolutionNode = FALSE
	EndGlobalSection
	GlobalSection(ExtensibilityGlobals) = postSolution
		SolutionGuid = {F15C8238-40AA-41A1-BDA5-DE6B6F0B9BC4}
	EndGlobalSection
EndGlobal
